# THIS IS AN AUTOGENERATED FILE. DO NOT EDIT THIS FILE DIRECTLY.
# yarn lockfile v1


"@babel/parser@^7.16.4":
  version "7.17.12"
  resolved "http://artifactory.hundsun.com:80/artifactory/api/npm/fa6-npm-virtual/@babel/parser/-/parser-7.17.12.tgz#36c2ed06944e3691ba82735fc4cf62d12d491a23"
  integrity sha1-NsLtBpRONpG6gnNfxM9i0S1JGiM=

"@vitejs/plugin-vue@^2.3.3":
  version "2.3.3"
  resolved "http://artifactory.hundsun.com:80/artifactory/api/npm/fa6-npm-virtual/@vitejs/plugin-vue/-/plugin-vue-2.3.3.tgz#fbf80cc039b82ac21a1acb0f0478de8f61fbf600"
  integrity sha1-+/gMwDm4KsIaGssPBHjej2H79gA=

"@volar/code-gen@0.34.15":
  version "0.34.15"
  resolved "http://artifactory.hundsun.com:80/artifactory/api/npm/fa6-npm-virtual/@volar/code-gen/-/code-gen-0.34.15.tgz#fd41f7fe0702b3f03f6ba1bd9e7ec7b51ab4f28a"
  integrity sha1-/UH3/gcCs/A/a6G9nn7HtRq08oo=
  dependencies:
    "@volar/source-map" "0.34.15"

"@volar/source-map@0.34.15":
  version "0.34.15"
  resolved "http://artifactory.hundsun.com:80/artifactory/api/npm/fa6-npm-virtual/@volar/source-map/-/source-map-0.34.15.tgz#f7adc70887e6f4dca3621ac6a54fda94f30c943d"
  integrity sha1-963HCIfm9NyjYhrGpU/alPMMlD0=

"@volar/vue-code-gen@0.34.15":
  version "0.34.15"
  resolved "http://artifactory.hundsun.com:80/artifactory/api/npm/fa6-npm-virtual/@volar/vue-code-gen/-/vue-code-gen-0.34.15.tgz#d20c08d6bdf02041fa124426a4551163fc889488"
  integrity sha1-0gwI1r3wIEH6EkQmpFURY/yIlIg=
  dependencies:
    "@volar/code-gen" "0.34.15"
    "@volar/source-map" "0.34.15"
    "@vue/compiler-core" "^3.2.31"
    "@vue/compiler-dom" "^3.2.31"
    "@vue/shared" "^3.2.31"

"@volar/vue-typescript@0.34.15":
  version "0.34.15"
  resolved "http://artifactory.hundsun.com:80/artifactory/api/npm/fa6-npm-virtual/@volar/vue-typescript/-/vue-typescript-0.34.15.tgz#24448e07de9c736f0154afb4f294a62925f99704"
  integrity sha1-JESOB96cc28BVK+08pSmKSX5lwQ=
  dependencies:
    "@volar/code-gen" "0.34.15"
    "@volar/source-map" "0.34.15"
    "@volar/vue-code-gen" "0.34.15"
    "@vue/compiler-sfc" "^3.2.31"
    "@vue/reactivity" "^3.2.31"

"@vue/compiler-core@3.2.33", "@vue/compiler-core@^3.2.31":
  version "3.2.33"
  resolved "http://artifactory.hundsun.com:80/artifactory/api/npm/fa6-npm-virtual/@vue/compiler-core/-/compiler-core-3.2.33.tgz#e915d59cce85898f5c5cfebe4c09e539278c3d59"
  integrity sha1-6RXVnM6FiY9cXP6+TAnlOSeMPVk=
  dependencies:
    "@babel/parser" "^7.16.4"
    "@vue/shared" "3.2.33"
    estree-walker "^2.0.2"
    source-map "^0.6.1"

"@vue/compiler-dom@3.2.33", "@vue/compiler-dom@^3.2.31":
  version "3.2.33"
  resolved "http://artifactory.hundsun.com:80/artifactory/api/npm/fa6-npm-virtual/@vue/compiler-dom/-/compiler-dom-3.2.33.tgz#6db84296f949f18e5d3e7fd5e80f943dbed7d5ec"
  integrity sha1-bbhClvlJ8Y5dPn/V6A+UPb7X1ew=
  dependencies:
    "@vue/compiler-core" "3.2.33"
    "@vue/shared" "3.2.33"

"@vue/compiler-sfc@3.2.33", "@vue/compiler-sfc@^3.2.31":
  version "3.2.33"
  resolved "http://artifactory.hundsun.com:80/artifactory/api/npm/fa6-npm-virtual/@vue/compiler-sfc/-/compiler-sfc-3.2.33.tgz#7ce01dc947a8b76c099811dc6ca58494d4dc773d"
  integrity sha1-fOAdyUeot2wJmBHcbKWElNTcdz0=
  dependencies:
    "@babel/parser" "^7.16.4"
    "@vue/compiler-core" "3.2.33"
    "@vue/compiler-dom" "3.2.33"
    "@vue/compiler-ssr" "3.2.33"
    "@vue/reactivity-transform" "3.2.33"
    "@vue/shared" "3.2.33"
    estree-walker "^2.0.2"
    magic-string "^0.25.7"
    postcss "^8.1.10"
    source-map "^0.6.1"

"@vue/compiler-ssr@3.2.33":
  version "3.2.33"
  resolved "http://artifactory.hundsun.com:80/artifactory/api/npm/fa6-npm-virtual/@vue/compiler-ssr/-/compiler-ssr-3.2.33.tgz#3e820267e4eea48fde9519f006dedca3f5e42e71"
  integrity sha1-PoICZ+TupI/elRnwBt7co/XkLnE=
  dependencies:
    "@vue/compiler-dom" "3.2.33"
    "@vue/shared" "3.2.33"

"@vue/reactivity-transform@3.2.33":
  version "3.2.33"
  resolved "http://artifactory.hundsun.com:80/artifactory/api/npm/fa6-npm-virtual/@vue/reactivity-transform/-/reactivity-transform-3.2.33.tgz#286063f44ca56150ae9b52f8346a26e5913fa699"
  integrity sha1-KGBj9EylYVCum1L4NGom5ZE/ppk=
  dependencies:
    "@babel/parser" "^7.16.4"
    "@vue/compiler-core" "3.2.33"
    "@vue/shared" "3.2.33"
    estree-walker "^2.0.2"
    magic-string "^0.25.7"

"@vue/reactivity@3.2.33", "@vue/reactivity@^3.2.31":
  version "3.2.33"
  resolved "http://artifactory.hundsun.com:80/artifactory/api/npm/fa6-npm-virtual/@vue/reactivity/-/reactivity-3.2.33.tgz#c84eedb5225138dbfc2472864c151d3efbb4b673"
  integrity sha1-yE7ttSJRONv8JHKGTBUdPvu0tnM=
  dependencies:
    "@vue/shared" "3.2.33"

"@vue/runtime-core@3.2.33":
  version "3.2.33"
  resolved "http://artifactory.hundsun.com:80/artifactory/api/npm/fa6-npm-virtual/@vue/runtime-core/-/runtime-core-3.2.33.tgz#2df8907c85c37c3419fbd1bdf1a2df097fa40df2"
  integrity sha1-LfiQfIXDfDQZ+9G98aLfCX+kDfI=
  dependencies:
    "@vue/reactivity" "3.2.33"
    "@vue/shared" "3.2.33"

"@vue/runtime-dom@3.2.33":
  version "3.2.33"
  resolved "http://artifactory.hundsun.com:80/artifactory/api/npm/fa6-npm-virtual/@vue/runtime-dom/-/runtime-dom-3.2.33.tgz#123b8969247029ea0d9c1983676d4706a962d848"
  integrity sha1-EjuJaSRwKeoNnBmDZ21HBqli2Eg=
  dependencies:
    "@vue/runtime-core" "3.2.33"
    "@vue/shared" "3.2.33"
    csstype "^2.6.8"

"@vue/server-renderer@3.2.33":
  version "3.2.33"
  resolved "http://artifactory.hundsun.com:80/artifactory/api/npm/fa6-npm-virtual/@vue/server-renderer/-/server-renderer-3.2.33.tgz#4b45d6d2ae10ea4e3d2cf8e676804cf60f331979"
  integrity sha1-S0XW0q4Q6k49LPjmdoBM9g8zGXk=
  dependencies:
    "@vue/compiler-ssr" "3.2.33"
    "@vue/shared" "3.2.33"

"@vue/shared@3.2.33", "@vue/shared@^3.2.31":
  version "3.2.33"
  resolved "http://artifactory.hundsun.com:80/artifactory/api/npm/fa6-npm-virtual/@vue/shared/-/shared-3.2.33.tgz#69a8c99ceb37c1b031d5cc4aec2ff1dc77e1161e"
  integrity sha1-aajJnOs3wbAx1cxK7C/x3HfhFh4=

csstype@^2.6.8:
  version "2.6.20"
  resolved "http://artifactory.hundsun.com:80/artifactory/api/npm/fa6-npm-virtual/csstype/-/csstype-2.6.20.tgz#9229c65ea0b260cf4d3d997cb06288e36a8d6dda"
  integrity sha1-kinGXqCyYM9NPZl8sGKI42qNbdo=

esbuild-android-64@0.14.39:
  version "0.14.39"
  resolved "http://artifactory.hundsun.com:80/artifactory/api/npm/fa6-npm-virtual/esbuild-android-64/-/esbuild-android-64-0.14.39.tgz#09f12a372eed9743fd77ff6d889ac14f7b340c21"
  integrity sha1-CfEqNy7tl0P9d/9tiJrBT3s0DCE=

esbuild-android-arm64@0.14.39:
  version "0.14.39"
  resolved "http://artifactory.hundsun.com:80/artifactory/api/npm/fa6-npm-virtual/esbuild-android-arm64/-/esbuild-android-arm64-0.14.39.tgz#f608d00ea03fe26f3b1ab92a30f99220390f3071"
  integrity sha1-9gjQDqA/4m87GrkqMPmSIDkPMHE=

esbuild-darwin-64@0.14.39:
  version "0.14.39"
  resolved "http://artifactory.hundsun.com:80/artifactory/api/npm/fa6-npm-virtual/esbuild-darwin-64/-/esbuild-darwin-64-0.14.39.tgz#31528daa75b4c9317721ede344195163fae3e041"
  integrity sha1-MVKNqnW0yTF3Ie3jRBlRY/rj4EE=

esbuild-darwin-arm64@0.14.39:
  version "0.14.39"
  resolved "http://artifactory.hundsun.com:80/artifactory/api/npm/fa6-npm-virtual/esbuild-darwin-arm64/-/esbuild-darwin-arm64-0.14.39.tgz#247f770d86d90a215fa194f24f90e30a0bd97245"
  integrity sha1-JH93DYbZCiFfoZTyT5DjCgvZckU=

esbuild-freebsd-64@0.14.39:
  version "0.14.39"
  resolved "http://artifactory.hundsun.com:80/artifactory/api/npm/fa6-npm-virtual/esbuild-freebsd-64/-/esbuild-freebsd-64-0.14.39.tgz#479414d294905055eb396ebe455ed42213284ee0"
  integrity sha1-R5QU0pSQUFXrOW6+RV7UIhMoTuA=

esbuild-freebsd-arm64@0.14.39:
  version "0.14.39"
  resolved "http://artifactory.hundsun.com:80/artifactory/api/npm/fa6-npm-virtual/esbuild-freebsd-arm64/-/esbuild-freebsd-arm64-0.14.39.tgz#cedeb10357c88533615921ae767a67dc870a474c"
  integrity sha1-zt6xA1fIhTNhWSGudnpn3IcKR0w=

esbuild-linux-32@0.14.39:
  version "0.14.39"
  resolved "http://artifactory.hundsun.com:80/artifactory/api/npm/fa6-npm-virtual/esbuild-linux-32/-/esbuild-linux-32-0.14.39.tgz#d9f008c4322d771f3958f59c1eee5a05cdf92485"
  integrity sha1-2fAIxDItdx85WPWcHu5aBc35JIU=

esbuild-linux-64@0.14.39:
  version "0.14.39"
  resolved "http://artifactory.hundsun.com:80/artifactory/api/npm/fa6-npm-virtual/esbuild-linux-64/-/esbuild-linux-64-0.14.39.tgz#ba58d7f66858913aeb1ab5c6bde1bbd824731795"
  integrity sha1-uljX9mhYkTrrGrXGveG72CRzF5U=

esbuild-linux-arm64@0.14.39:
  version "0.14.39"
  resolved "http://artifactory.hundsun.com:80/artifactory/api/npm/fa6-npm-virtual/esbuild-linux-arm64/-/esbuild-linux-arm64-0.14.39.tgz#708785a30072702b5b1c16b65cf9c25c51202529"
  integrity sha1-cIeFowBycCtbHBa2XPnCXFEgJSk=

esbuild-linux-arm@0.14.39:
  version "0.14.39"
  resolved "http://artifactory.hundsun.com:80/artifactory/api/npm/fa6-npm-virtual/esbuild-linux-arm/-/esbuild-linux-arm-0.14.39.tgz#4e8b5deaa7ab60d0d28fab131244ef82b40684f4"
  integrity sha1-Totd6qerYNDSj6sTEkTvgrQGhPQ=

esbuild-linux-mips64le@0.14.39:
  version "0.14.39"
  resolved "http://artifactory.hundsun.com:80/artifactory/api/npm/fa6-npm-virtual/esbuild-linux-mips64le/-/esbuild-linux-mips64le-0.14.39.tgz#6f3bf3023f711084e5a1e8190487d2020f39f0f7"
  integrity sha1-bzvzAj9xEITloegZBIfSAg858Pc=

esbuild-linux-ppc64le@0.14.39:
  version "0.14.39"
  resolved "http://artifactory.hundsun.com:80/artifactory/api/npm/fa6-npm-virtual/esbuild-linux-ppc64le/-/esbuild-linux-ppc64le-0.14.39.tgz#900e718a4ea3f6aedde8424828eeefdd4b48d4b9"
  integrity sha1-kA5xik6j9q7d6EJIKO7v3UtI1Lk=

esbuild-linux-riscv64@0.14.39:
  version "0.14.39"
  resolved "http://artifactory.hundsun.com:80/artifactory/api/npm/fa6-npm-virtual/esbuild-linux-riscv64/-/esbuild-linux-riscv64-0.14.39.tgz#dcbff622fa37047a75d2ff7a1d8d2949d80277e4"
  integrity sha1-3L/2Ivo3BHp10v96HY0pSdgCd+Q=

esbuild-linux-s390x@0.14.39:
  version "0.14.39"
  resolved "http://artifactory.hundsun.com:80/artifactory/api/npm/fa6-npm-virtual/esbuild-linux-s390x/-/esbuild-linux-s390x-0.14.39.tgz#3f725a7945b419406c99d93744b28552561dcdfd"
  integrity sha1-P3JaeUW0GUBsmdk3RLKFUlYdzf0=

esbuild-netbsd-64@0.14.39:
  version "0.14.39"
  resolved "http://artifactory.hundsun.com:80/artifactory/api/npm/fa6-npm-virtual/esbuild-netbsd-64/-/esbuild-netbsd-64-0.14.39.tgz#e10e40b6a765798b90d4eb85901cc85c8b7ff85e"
  integrity sha1-4Q5AtqdleYuQ1OuFkBzIXIt/+F4=

esbuild-openbsd-64@0.14.39:
  version "0.14.39"
  resolved "http://artifactory.hundsun.com:80/artifactory/api/npm/fa6-npm-virtual/esbuild-openbsd-64/-/esbuild-openbsd-64-0.14.39.tgz#935ec143f75ce10bd9cdb1c87fee00287eb0edbc"
  integrity sha1-k17BQ/dc4QvZzbHIf+4AKH6w7bw=

esbuild-sunos-64@0.14.39:
  version "0.14.39"
  resolved "http://artifactory.hundsun.com:80/artifactory/api/npm/fa6-npm-virtual/esbuild-sunos-64/-/esbuild-sunos-64-0.14.39.tgz#0e7aa82b022a2e6d55b0646738b2582c2d72c3c0"
  integrity sha1-DnqoKwIqLm1VsGRnOLJYLC1yw8A=

esbuild-windows-32@0.14.39:
  version "0.14.39"
  resolved "http://artifactory.hundsun.com:80/artifactory/api/npm/fa6-npm-virtual/esbuild-windows-32/-/esbuild-windows-32-0.14.39.tgz#3f1538241f31b538545f4b5841b248cac260fa35"
  integrity sha1-PxU4JB8xtThUX0tYQbJIysJg+jU=

esbuild-windows-64@0.14.39:
  version "0.14.39"
  resolved "http://artifactory.hundsun.com:80/artifactory/api/npm/fa6-npm-virtual/esbuild-windows-64/-/esbuild-windows-64-0.14.39.tgz#b100c59f96d3c2da2e796e42fee4900d755d3e03"
  integrity sha1-sQDFn5bTwtoueW5C/uSQDXVdPgM=

esbuild-windows-arm64@0.14.39:
  version "0.14.39"
  resolved "http://artifactory.hundsun.com:80/artifactory/api/npm/fa6-npm-virtual/esbuild-windows-arm64/-/esbuild-windows-arm64-0.14.39.tgz#00268517e665b33c89778d61f144e4256b39f631"
  integrity sha1-ACaFF+ZlszyJd41h8UTkJWs59jE=

esbuild@^0.14.27:
  version "0.14.39"
  resolved "http://artifactory.hundsun.com:80/artifactory/api/npm/fa6-npm-virtual/esbuild/-/esbuild-0.14.39.tgz#c926b2259fe6f6d3a94f528fb42e103c5a6d909a"
  integrity sha1-ySayJZ/m9tOpT1KPtC4QPFptkJo=
  optionalDependencies:
    esbuild-android-64 "0.14.39"
    esbuild-android-arm64 "0.14.39"
    esbuild-darwin-64 "0.14.39"
    esbuild-darwin-arm64 "0.14.39"
    esbuild-freebsd-64 "0.14.39"
    esbuild-freebsd-arm64 "0.14.39"
    esbuild-linux-32 "0.14.39"
    esbuild-linux-64 "0.14.39"
    esbuild-linux-arm "0.14.39"
    esbuild-linux-arm64 "0.14.39"
    esbuild-linux-mips64le "0.14.39"
    esbuild-linux-ppc64le "0.14.39"
    esbuild-linux-riscv64 "0.14.39"
    esbuild-linux-s390x "0.14.39"
    esbuild-netbsd-64 "0.14.39"
    esbuild-openbsd-64 "0.14.39"
    esbuild-sunos-64 "0.14.39"
    esbuild-windows-32 "0.14.39"
    esbuild-windows-64 "0.14.39"
    esbuild-windows-arm64 "0.14.39"

estree-walker@^2.0.2:
  version "2.0.2"
  resolved "http://artifactory.hundsun.com:80/artifactory/api/npm/fa6-npm-virtual/estree-walker/-/estree-walker-2.0.2.tgz#52f010178c2a4c117a7757cfe942adb7d2da4cac"
  integrity sha1-UvAQF4wqTBF6d1fP6UKtt9LaTKw=

fsevents@~2.3.2:
  version "2.3.2"
  resolved "http://artifactory.hundsun.com:80/artifactory/api/npm/fa6-npm-virtual/fsevents/-/fsevents-2.3.2.tgz#8a526f78b8fdf4623b709e0b975c52c24c02fd1a"
  integrity sha1-ilJveLj99GI7cJ4Ll1xSwkwC/Ro=

function-bind@^1.1.1:
  version "1.1.1"
  resolved "http://artifactory.hundsun.com:80/artifactory/api/npm/fa6-npm-virtual/function-bind/-/function-bind-1.1.1.tgz#a56899d3ea3c9bab874bb9773b7c5ede92f4895d"
  integrity sha1-pWiZ0+o8m6uHS7l3O3xe3pL0iV0=

has@^1.0.3:
  version "1.0.3"
  resolved "http://artifactory.hundsun.com:80/artifactory/api/npm/fa6-npm-virtual/has/-/has-1.0.3.tgz#722d7cbfc1f6aa8241f16dd814e011e1f41e8796"
  integrity sha1-ci18v8H2qoJB8W3YFOAR4fQeh5Y=
  dependencies:
    function-bind "^1.1.1"

is-core-module@^2.8.1:
  version "2.9.0"
  resolved "http://artifactory.hundsun.com:80/artifactory/api/npm/fa6-npm-virtual/is-core-module/-/is-core-module-2.9.0.tgz#e1c34429cd51c6dd9e09e0799e396e27b19a9c69"
  integrity sha1-4cNEKc1Rxt2eCeB5njluJ7GanGk=
  dependencies:
    has "^1.0.3"

magic-string@^0.25.7:
  version "0.25.9"
  resolved "http://artifactory.hundsun.com:80/artifactory/api/npm/fa6-npm-virtual/magic-string/-/magic-string-0.25.9.tgz#de7f9faf91ef8a1c91d02c2e5314c8277dbcdd1c"
  integrity sha1-3n+fr5HvihyR0CwuUxTIJ3283Rw=
  dependencies:
    sourcemap-codec "^1.4.8"

nanoid@^3.3.3:
  version "3.3.4"
  resolved "http://artifactory.hundsun.com:80/artifactory/api/npm/fa6-npm-virtual/nanoid/-/nanoid-3.3.4.tgz#730b67e3cd09e2deacf03c027c81c9d9dbc5e8ab"
  integrity sha1-cwtn480J4t6s8DwCfIHJ2dvF6Ks=

path-parse@^1.0.7:
  version "1.0.7"
  resolved "http://artifactory.hundsun.com:80/artifactory/api/npm/fa6-npm-virtual/path-parse/-/path-parse-1.0.7.tgz#fbc114b60ca42b30d9daf5858e4bd68bbedb6735"
  integrity sha1-+8EUtgykKzDZ2vWFjkvWi77bZzU=

picocolors@^1.0.0:
  version "1.0.0"
  resolved "http://artifactory.hundsun.com:80/artifactory/api/npm/fa6-npm-virtual/picocolors/-/picocolors-1.0.0.tgz#cb5bdc74ff3f51892236eaf79d68bc44564ab81c"
  integrity sha1-y1vcdP8/UYkiNur3nWi8RFZKuBw=

postcss@^8.1.10, postcss@^8.4.13:
  version "8.4.13"
  resolved "http://artifactory.hundsun.com:80/artifactory/api/npm/fa6-npm-virtual/postcss/-/postcss-8.4.13.tgz#7c87bc268e79f7f86524235821dfdf9f73e5d575"
  integrity sha1-fIe8Jo559/hlJCNYId/fn3Pl1XU=
  dependencies:
    nanoid "^3.3.3"
    picocolors "^1.0.0"
    source-map-js "^1.0.2"

resolve@^1.22.0:
  version "1.22.0"
  resolved "http://artifactory.hundsun.com:80/artifactory/api/npm/fa6-npm-virtual/resolve/-/resolve-1.22.0.tgz#5e0b8c67c15df57a89bdbabe603a002f21731198"
  integrity sha1-XguMZ8Fd9XqJvbq+YDoALyFzEZg=
  dependencies:
    is-core-module "^2.8.1"
    path-parse "^1.0.7"
    supports-preserve-symlinks-flag "^1.0.0"

rollup@^2.59.0:
  version "2.73.0"
  resolved "http://artifactory.hundsun.com:80/artifactory/api/npm/fa6-npm-virtual/rollup/-/rollup-2.73.0.tgz#128fef4b333fd92d02d6929afbb6ee38d7feb32d"
  integrity sha1-Eo/vSzM/2S0C1pKa+7buONf+sy0=
  optionalDependencies:
    fsevents "~2.3.2"

source-map-js@^1.0.2:
  version "1.0.2"
  resolved "http://artifactory.hundsun.com:80/artifactory/api/npm/fa6-npm-virtual/source-map-js/-/source-map-js-1.0.2.tgz#adbc361d9c62df380125e7f161f71c826f1e490c"
  integrity sha1-rbw2HZxi3zgBJefxYfccgm8eSQw=

source-map@^0.6.1:
  version "0.6.1"
  resolved "http://artifactory.hundsun.com:80/artifactory/api/npm/fa6-npm-virtual/source-map/-/source-map-0.6.1.tgz#74722af32e9614e9c287a8d0bbde48b5e2f1a263"
  integrity sha1-dHIq8y6WFOnCh6jQu95IteLxomM=

sourcemap-codec@^1.4.8:
  version "1.4.8"
  resolved "http://artifactory.hundsun.com:80/artifactory/api/npm/fa6-npm-virtual/sourcemap-codec/-/sourcemap-codec-1.4.8.tgz#ea804bd94857402e6992d05a38ef1ae35a9ab4c4"
  integrity sha1-6oBL2UhXQC5pktBaOO8a41qatMQ=

supports-preserve-symlinks-flag@^1.0.0:
  version "1.0.0"
  resolved "http://artifactory.hundsun.com:80/artifactory/api/npm/fa6-npm-virtual/supports-preserve-symlinks-flag/-/supports-preserve-symlinks-flag-1.0.0.tgz#6eda4bd344a3c94aea376d4cc31bc77311039e09"
  integrity sha1-btpL00SjyUrqN21MwxvHcxEDngk=

typescript@^4.5.4:
  version "4.6.4"
  resolved "http://artifactory.hundsun.com:80/artifactory/api/npm/fa6-npm-virtual/typescript/-/typescript-4.6.4.tgz#caa78bbc3a59e6a5c510d35703f6a09877ce45e9"
  integrity sha1-yqeLvDpZ5qXFENNXA/agmHfORek=

vite@^2.9.9:
  version "2.9.9"
  resolved "http://artifactory.hundsun.com:80/artifactory/api/npm/fa6-npm-virtual/vite/-/vite-2.9.9.tgz#8b558987db5e60fedec2f4b003b73164cb081c5e"
  integrity sha1-i1WJh9teYP7ewvSwA7cxZMsIHF4=
  dependencies:
    esbuild "^0.14.27"
    postcss "^8.4.13"
    resolve "^1.22.0"
    rollup "^2.59.0"
  optionalDependencies:
    fsevents "~2.3.2"

vue-tsc@^0.34.7:
  version "0.34.15"
  resolved "http://artifactory.hundsun.com:80/artifactory/api/npm/fa6-npm-virtual/vue-tsc/-/vue-tsc-0.34.15.tgz#fd34d7257860477b501c9e60fb5549f2733e91a8"
  integrity sha1-/TTXJXhgR3tQHJ5g+1VJ8nM+kag=
  dependencies:
    "@volar/vue-typescript" "0.34.15"

vue@^3.2.25:
  version "3.2.33"
  resolved "http://artifactory.hundsun.com:80/artifactory/api/npm/fa6-npm-virtual/vue/-/vue-3.2.33.tgz#7867eb16a3293a28c4d190a837bc447878bd64c2"
  integrity sha1-eGfrFqMpOijE0ZCoN7xEeHi9ZMI=
  dependencies:
    "@vue/compiler-dom" "3.2.33"
    "@vue/compiler-sfc" "3.2.33"
    "@vue/runtime-dom" "3.2.33"
    "@vue/server-renderer" "3.2.33"
    "@vue/shared" "3.2.33"
