# THIS IS AN AUTOGENERATED FILE. DO NOT EDIT THIS FILE DIRECTLY.
# yarn lockfile v1


"@babel/parser@^7.16.4":
  version "7.17.12"
  resolved "http://artifactory.hundsun.com:80/artifactory/api/npm/fa6-npm-virtual/@babel/parser/-/parser-7.17.12.tgz#36c2ed06944e3691ba82735fc4cf62d12d491a23"
  integrity sha1-NsLtBpRONpG6gnNfxM9i0S1JGiM=

"@electron/get@^1.13.0":
  version "1.14.1"
  resolved "http://artifactory.hundsun.com:80/artifactory/api/npm/fa6-npm-virtual/@electron/get/-/get-1.14.1.tgz#16ba75f02dffb74c23965e72d617adc721d27f40"
  integrity sha1-Frp18C3/t0wjll5y1hetxyHSf0A=
  dependencies:
    debug "^4.1.1"
    env-paths "^2.2.0"
    fs-extra "^8.1.0"
    got "^9.6.0"
    progress "^2.0.3"
    semver "^6.2.0"
    sumchecker "^3.0.1"
  optionalDependencies:
    global-agent "^3.0.0"
    global-tunnel-ng "^2.7.1"

"@sindresorhus/is@^0.14.0":
  version "0.14.0"
  resolved "http://artifactory.hundsun.com:80/artifactory/api/npm/fa6-npm-virtual/@sindresorhus/is/-/is-0.14.0.tgz#9fb3a3cf3132328151f353de4632e01e52102bea"
  integrity sha1-n7OjzzEyMoFR81PeRjLgHlIQK+o=

"@szmarczak/http-timer@^1.1.2":
  version "1.1.2"
  resolved "http://artifactory.hundsun.com:80/artifactory/api/npm/fa6-npm-virtual/@szmarczak/http-timer/-/http-timer-1.1.2.tgz#b1665e2c461a2cd92f4c1bbf50d5454de0d4b421"
  integrity sha1-sWZeLEYaLNkvTBu/UNVFTeDUtCE=
  dependencies:
    defer-to-connect "^1.0.1"

"@types/node@^16.11.26":
  version "16.11.36"
  resolved "http://artifactory.hundsun.com:80/artifactory/api/npm/fa6-npm-virtual/@types/node/-/node-16.11.36.tgz#9ab9f8276987132ed2b225cace2218ba794fc751"
  integrity sha1-mrn4J2mHEy7SsiXKziIYunlPx1E=

"@vitejs/plugin-vue@^2.3.3":
  version "2.3.3"
  resolved "http://artifactory.hundsun.com:80/artifactory/api/npm/fa6-npm-virtual/@vitejs/plugin-vue/-/plugin-vue-2.3.3.tgz#fbf80cc039b82ac21a1acb0f0478de8f61fbf600"
  integrity sha1-+/gMwDm4KsIaGssPBHjej2H79gA=

"@volar/code-gen@0.34.15":
  version "0.34.15"
  resolved "http://artifactory.hundsun.com:80/artifactory/api/npm/fa6-npm-virtual/@volar/code-gen/-/code-gen-0.34.15.tgz#fd41f7fe0702b3f03f6ba1bd9e7ec7b51ab4f28a"
  integrity sha1-/UH3/gcCs/A/a6G9nn7HtRq08oo=
  dependencies:
    "@volar/source-map" "0.34.15"

"@volar/source-map@0.34.15":
  version "0.34.15"
  resolved "http://artifactory.hundsun.com:80/artifactory/api/npm/fa6-npm-virtual/@volar/source-map/-/source-map-0.34.15.tgz#f7adc70887e6f4dca3621ac6a54fda94f30c943d"
  integrity sha1-963HCIfm9NyjYhrGpU/alPMMlD0=

"@volar/vue-code-gen@0.34.15":
  version "0.34.15"
  resolved "http://artifactory.hundsun.com:80/artifactory/api/npm/fa6-npm-virtual/@volar/vue-code-gen/-/vue-code-gen-0.34.15.tgz#d20c08d6bdf02041fa124426a4551163fc889488"
  integrity sha1-0gwI1r3wIEH6EkQmpFURY/yIlIg=
  dependencies:
    "@volar/code-gen" "0.34.15"
    "@volar/source-map" "0.34.15"
    "@vue/compiler-core" "^3.2.31"
    "@vue/compiler-dom" "^3.2.31"
    "@vue/shared" "^3.2.31"

"@volar/vue-typescript@0.34.15":
  version "0.34.15"
  resolved "http://artifactory.hundsun.com:80/artifactory/api/npm/fa6-npm-virtual/@volar/vue-typescript/-/vue-typescript-0.34.15.tgz#24448e07de9c736f0154afb4f294a62925f99704"
  integrity sha1-JESOB96cc28BVK+08pSmKSX5lwQ=
  dependencies:
    "@volar/code-gen" "0.34.15"
    "@volar/source-map" "0.34.15"
    "@volar/vue-code-gen" "0.34.15"
    "@vue/compiler-sfc" "^3.2.31"
    "@vue/reactivity" "^3.2.31"

"@vue/compiler-core@3.2.33", "@vue/compiler-core@^3.2.31":
  version "3.2.33"
  resolved "http://artifactory.hundsun.com:80/artifactory/api/npm/fa6-npm-virtual/@vue/compiler-core/-/compiler-core-3.2.33.tgz#e915d59cce85898f5c5cfebe4c09e539278c3d59"
  integrity sha1-6RXVnM6FiY9cXP6+TAnlOSeMPVk=
  dependencies:
    "@babel/parser" "^7.16.4"
    "@vue/shared" "3.2.33"
    estree-walker "^2.0.2"
    source-map "^0.6.1"

"@vue/compiler-dom@3.2.33", "@vue/compiler-dom@^3.2.31":
  version "3.2.33"
  resolved "http://artifactory.hundsun.com:80/artifactory/api/npm/fa6-npm-virtual/@vue/compiler-dom/-/compiler-dom-3.2.33.tgz#6db84296f949f18e5d3e7fd5e80f943dbed7d5ec"
  integrity sha1-bbhClvlJ8Y5dPn/V6A+UPb7X1ew=
  dependencies:
    "@vue/compiler-core" "3.2.33"
    "@vue/shared" "3.2.33"

"@vue/compiler-sfc@3.2.33", "@vue/compiler-sfc@^3.2.31":
  version "3.2.33"
  resolved "http://artifactory.hundsun.com:80/artifactory/api/npm/fa6-npm-virtual/@vue/compiler-sfc/-/compiler-sfc-3.2.33.tgz#7ce01dc947a8b76c099811dc6ca58494d4dc773d"
  integrity sha1-fOAdyUeot2wJmBHcbKWElNTcdz0=
  dependencies:
    "@babel/parser" "^7.16.4"
    "@vue/compiler-core" "3.2.33"
    "@vue/compiler-dom" "3.2.33"
    "@vue/compiler-ssr" "3.2.33"
    "@vue/reactivity-transform" "3.2.33"
    "@vue/shared" "3.2.33"
    estree-walker "^2.0.2"
    magic-string "^0.25.7"
    postcss "^8.1.10"
    source-map "^0.6.1"

"@vue/compiler-ssr@3.2.33":
  version "3.2.33"
  resolved "http://artifactory.hundsun.com:80/artifactory/api/npm/fa6-npm-virtual/@vue/compiler-ssr/-/compiler-ssr-3.2.33.tgz#3e820267e4eea48fde9519f006dedca3f5e42e71"
  integrity sha1-PoICZ+TupI/elRnwBt7co/XkLnE=
  dependencies:
    "@vue/compiler-dom" "3.2.33"
    "@vue/shared" "3.2.33"

"@vue/reactivity-transform@3.2.33":
  version "3.2.33"
  resolved "http://artifactory.hundsun.com:80/artifactory/api/npm/fa6-npm-virtual/@vue/reactivity-transform/-/reactivity-transform-3.2.33.tgz#286063f44ca56150ae9b52f8346a26e5913fa699"
  integrity sha1-KGBj9EylYVCum1L4NGom5ZE/ppk=
  dependencies:
    "@babel/parser" "^7.16.4"
    "@vue/compiler-core" "3.2.33"
    "@vue/shared" "3.2.33"
    estree-walker "^2.0.2"
    magic-string "^0.25.7"

"@vue/reactivity@3.2.33", "@vue/reactivity@^3.2.31":
  version "3.2.33"
  resolved "http://artifactory.hundsun.com:80/artifactory/api/npm/fa6-npm-virtual/@vue/reactivity/-/reactivity-3.2.33.tgz#c84eedb5225138dbfc2472864c151d3efbb4b673"
  integrity sha1-yE7ttSJRONv8JHKGTBUdPvu0tnM=
  dependencies:
    "@vue/shared" "3.2.33"

"@vue/runtime-core@3.2.33":
  version "3.2.33"
  resolved "http://artifactory.hundsun.com:80/artifactory/api/npm/fa6-npm-virtual/@vue/runtime-core/-/runtime-core-3.2.33.tgz#2df8907c85c37c3419fbd1bdf1a2df097fa40df2"
  integrity sha1-LfiQfIXDfDQZ+9G98aLfCX+kDfI=
  dependencies:
    "@vue/reactivity" "3.2.33"
    "@vue/shared" "3.2.33"

"@vue/runtime-dom@3.2.33":
  version "3.2.33"
  resolved "http://artifactory.hundsun.com:80/artifactory/api/npm/fa6-npm-virtual/@vue/runtime-dom/-/runtime-dom-3.2.33.tgz#123b8969247029ea0d9c1983676d4706a962d848"
  integrity sha1-EjuJaSRwKeoNnBmDZ21HBqli2Eg=
  dependencies:
    "@vue/runtime-core" "3.2.33"
    "@vue/shared" "3.2.33"
    csstype "^2.6.8"

"@vue/server-renderer@3.2.33":
  version "3.2.33"
  resolved "http://artifactory.hundsun.com:80/artifactory/api/npm/fa6-npm-virtual/@vue/server-renderer/-/server-renderer-3.2.33.tgz#4b45d6d2ae10ea4e3d2cf8e676804cf60f331979"
  integrity sha1-S0XW0q4Q6k49LPjmdoBM9g8zGXk=
  dependencies:
    "@vue/compiler-ssr" "3.2.33"
    "@vue/shared" "3.2.33"

"@vue/shared@3.2.33", "@vue/shared@^3.2.31":
  version "3.2.33"
  resolved "http://artifactory.hundsun.com:80/artifactory/api/npm/fa6-npm-virtual/@vue/shared/-/shared-3.2.33.tgz#69a8c99ceb37c1b031d5cc4aec2ff1dc77e1161e"
  integrity sha1-aajJnOs3wbAx1cxK7C/x3HfhFh4=

boolean@^3.0.1:
  version "3.2.0"
  resolved "http://artifactory.hundsun.com:80/artifactory/api/npm/fa6-npm-virtual/boolean/-/boolean-3.2.0.tgz#9e5294af4e98314494cbb17979fa54ca159f116b"
  integrity sha1-nlKUr06YMUSUy7F5efpUyhWfEWs=

buffer-crc32@~0.2.3:
  version "0.2.13"
  resolved "http://artifactory.hundsun.com:80/artifactory/api/npm/fa6-npm-virtual/buffer-crc32/-/buffer-crc32-0.2.13.tgz#0d333e3f00eac50aa1454abd30ef8c2a5d9a7242"
  integrity sha1-DTM+PwDqxQqhRUq9MO+MKl2ackI=

buffer-from@^1.0.0:
  version "1.1.2"
  resolved "http://artifactory.hundsun.com:80/artifactory/api/npm/fa6-npm-virtual/buffer-from/-/buffer-from-1.1.2.tgz#2b146a6fd72e80b4f55d255f35ed59a3a9a41bd5"
  integrity sha1-KxRqb9cugLT1XSVfNe1Zo6mkG9U=

cacheable-request@^6.0.0:
  version "6.1.0"
  resolved "http://artifactory.hundsun.com:80/artifactory/api/npm/fa6-npm-virtual/cacheable-request/-/cacheable-request-6.1.0.tgz#20ffb8bd162ba4be11e9567d823db651052ca912"
  integrity sha1-IP+4vRYrpL4R6VZ9gj22UQUsqRI=
  dependencies:
    clone-response "^1.0.2"
    get-stream "^5.1.0"
    http-cache-semantics "^4.0.0"
    keyv "^3.0.0"
    lowercase-keys "^2.0.0"
    normalize-url "^4.1.0"
    responselike "^1.0.2"

clone-response@^1.0.2:
  version "1.0.2"
  resolved "http://artifactory.hundsun.com:80/artifactory/api/npm/fa6-npm-virtual/clone-response/-/clone-response-1.0.2.tgz#d1dc973920314df67fbeb94223b4ee350239e96b"
  integrity sha1-0dyXOSAxTfZ/vrlCI7TuNQI56Ws=
  dependencies:
    mimic-response "^1.0.0"

concat-stream@^1.6.2:
  version "1.6.2"
  resolved "http://artifactory.hundsun.com:80/artifactory/api/npm/fa6-npm-virtual/concat-stream/-/concat-stream-1.6.2.tgz#904bdf194cd3122fc675c77fc4ac3d4ff0fd1a34"
  integrity sha1-kEvfGUzTEi/Gdcd/xKw9T/D9GjQ=
  dependencies:
    buffer-from "^1.0.0"
    inherits "^2.0.3"
    readable-stream "^2.2.2"
    typedarray "^0.0.6"

config-chain@^1.1.11:
  version "1.1.13"
  resolved "http://artifactory.hundsun.com:80/artifactory/api/npm/fa6-npm-virtual/config-chain/-/config-chain-1.1.13.tgz#fad0795aa6a6cdaff9ed1b68e9dff94372c232f4"
  integrity sha1-+tB5Wqamza/57Rto6d/5Q3LCMvQ=
  dependencies:
    ini "^1.3.4"
    proto-list "~1.2.1"

core-util-is@~1.0.0:
  version "1.0.3"
  resolved "http://artifactory.hundsun.com:80/artifactory/api/npm/fa6-npm-virtual/core-util-is/-/core-util-is-1.0.3.tgz#a6042d3634c2b27e9328f837b965fac83808db85"
  integrity sha1-pgQtNjTCsn6TKPg3uWX6yDgI24U=

csstype@^2.6.8:
  version "2.6.20"
  resolved "http://artifactory.hundsun.com:80/artifactory/api/npm/fa6-npm-virtual/csstype/-/csstype-2.6.20.tgz#9229c65ea0b260cf4d3d997cb06288e36a8d6dda"
  integrity sha1-kinGXqCyYM9NPZl8sGKI42qNbdo=

debug@^2.6.9:
  version "2.6.9"
  resolved "http://artifactory.hundsun.com:80/artifactory/api/npm/fa6-npm-virtual/debug/-/debug-2.6.9.tgz#5d128515df134ff327e90a4c93f4e077a536341f"
  integrity sha1-XRKFFd8TT/Mn6QpMk/Tgd6U2NB8=
  dependencies:
    ms "2.0.0"

debug@^4.1.0, debug@^4.1.1:
  version "4.3.4"
  resolved "http://artifactory.hundsun.com:80/artifactory/api/npm/fa6-npm-virtual/debug/-/debug-4.3.4.tgz#1319f6579357f2338d3337d2cdd4914bb5dcc865"
  integrity sha1-Exn2V5NX8jONMzfSzdSRS7XcyGU=
  dependencies:
    ms "2.1.2"

decompress-response@^3.3.0:
  version "3.3.0"
  resolved "http://artifactory.hundsun.com:80/artifactory/api/npm/fa6-npm-virtual/decompress-response/-/decompress-response-3.3.0.tgz#80a4dd323748384bfa248083622aedec982adff3"
  integrity sha1-gKTdMjdIOEv6JICDYirt7Jgq3/M=
  dependencies:
    mimic-response "^1.0.0"

defer-to-connect@^1.0.1:
  version "1.1.3"
  resolved "http://artifactory.hundsun.com:80/artifactory/api/npm/fa6-npm-virtual/defer-to-connect/-/defer-to-connect-1.1.3.tgz#331ae050c08dcf789f8c83a7b81f0ed94f4ac591"
  integrity sha1-MxrgUMCNz3ifjIOnuB8O2U9KxZE=

define-properties@^1.1.3:
  version "1.1.4"
  resolved "http://artifactory.hundsun.com:80/artifactory/api/npm/fa6-npm-virtual/define-properties/-/define-properties-1.1.4.tgz#0b14d7bd7fbeb2f3572c3a7eda80ea5d57fb05b1"
  integrity sha1-CxTXvX++svNXLDp+2oDqXVf7BbE=
  dependencies:
    has-property-descriptors "^1.0.0"
    object-keys "^1.1.1"

detect-node@^2.0.4:
  version "2.1.0"
  resolved "http://artifactory.hundsun.com:80/artifactory/api/npm/fa6-npm-virtual/detect-node/-/detect-node-2.1.0.tgz#c9c70775a49c3d03bc2c06d9a73be550f978f8b1"
  integrity sha1-yccHdaScPQO8LAbZpzvlUPl4+LE=

duplexer3@^0.1.4:
  version "0.1.4"
  resolved "http://artifactory.hundsun.com:80/artifactory/api/npm/fa6-npm-virtual/duplexer3/-/duplexer3-0.1.4.tgz#ee01dd1cac0ed3cbc7fdbea37dc0a8f1ce002ce2"
  integrity sha1-7gHdHKwO08vH/b6jfcCo8c4ALOI=

electron@^18.2.3:
  version "18.2.3"
  resolved "http://artifactory.hundsun.com:80/artifactory/api/npm/fa6-npm-virtual/electron/-/electron-18.2.3.tgz#36bcb8f71e41631e6b11179eeff291c8228bfd6a"
  integrity sha1-Nry49x5BYx5rERee7/KRyCKL/Wo=
  dependencies:
    "@electron/get" "^1.13.0"
    "@types/node" "^16.11.26"
    extract-zip "^1.0.3"

encodeurl@^1.0.2:
  version "1.0.2"
  resolved "http://artifactory.hundsun.com:80/artifactory/api/npm/fa6-npm-virtual/encodeurl/-/encodeurl-1.0.2.tgz#ad3ff4c86ec2d029322f5a02c3a9a606c95b3f59"
  integrity sha1-rT/0yG7C0CkyL1oCw6mmBslbP1k=

end-of-stream@^1.1.0:
  version "1.4.4"
  resolved "http://artifactory.hundsun.com:80/artifactory/api/npm/fa6-npm-virtual/end-of-stream/-/end-of-stream-1.4.4.tgz#5ae64a5f45057baf3626ec14da0ca5e4b2431eb0"
  integrity sha1-WuZKX0UFe682JuwU2gyl5LJDHrA=
  dependencies:
    once "^1.4.0"

env-paths@^2.2.0:
  version "2.2.1"
  resolved "http://artifactory.hundsun.com:80/artifactory/api/npm/fa6-npm-virtual/env-paths/-/env-paths-2.2.1.tgz#420399d416ce1fbe9bc0a07c62fa68d67fd0f8f2"
  integrity sha1-QgOZ1BbOH76bwKB8Yvpo1n/Q+PI=

es6-error@^4.1.1:
  version "4.1.1"
  resolved "http://artifactory.hundsun.com:80/artifactory/api/npm/fa6-npm-virtual/es6-error/-/es6-error-4.1.1.tgz#9e3af407459deed47e9a91f9b885a84eb05c561d"
  integrity sha1-njr0B0Wd7tR+mpH5uIWoTrBcVh0=

esbuild-android-64@0.14.39:
  version "0.14.39"
  resolved "http://artifactory.hundsun.com:80/artifactory/api/npm/fa6-npm-virtual/esbuild-android-64/-/esbuild-android-64-0.14.39.tgz#09f12a372eed9743fd77ff6d889ac14f7b340c21"
  integrity sha1-CfEqNy7tl0P9d/9tiJrBT3s0DCE=

esbuild-android-arm64@0.14.39:
  version "0.14.39"
  resolved "http://artifactory.hundsun.com:80/artifactory/api/npm/fa6-npm-virtual/esbuild-android-arm64/-/esbuild-android-arm64-0.14.39.tgz#f608d00ea03fe26f3b1ab92a30f99220390f3071"
  integrity sha1-9gjQDqA/4m87GrkqMPmSIDkPMHE=

esbuild-darwin-64@0.14.39:
  version "0.14.39"
  resolved "http://artifactory.hundsun.com:80/artifactory/api/npm/fa6-npm-virtual/esbuild-darwin-64/-/esbuild-darwin-64-0.14.39.tgz#31528daa75b4c9317721ede344195163fae3e041"
  integrity sha1-MVKNqnW0yTF3Ie3jRBlRY/rj4EE=

esbuild-darwin-arm64@0.14.39:
  version "0.14.39"
  resolved "http://artifactory.hundsun.com:80/artifactory/api/npm/fa6-npm-virtual/esbuild-darwin-arm64/-/esbuild-darwin-arm64-0.14.39.tgz#247f770d86d90a215fa194f24f90e30a0bd97245"
  integrity sha1-JH93DYbZCiFfoZTyT5DjCgvZckU=

esbuild-freebsd-64@0.14.39:
  version "0.14.39"
  resolved "http://artifactory.hundsun.com:80/artifactory/api/npm/fa6-npm-virtual/esbuild-freebsd-64/-/esbuild-freebsd-64-0.14.39.tgz#479414d294905055eb396ebe455ed42213284ee0"
  integrity sha1-R5QU0pSQUFXrOW6+RV7UIhMoTuA=

esbuild-freebsd-arm64@0.14.39:
  version "0.14.39"
  resolved "http://artifactory.hundsun.com:80/artifactory/api/npm/fa6-npm-virtual/esbuild-freebsd-arm64/-/esbuild-freebsd-arm64-0.14.39.tgz#cedeb10357c88533615921ae767a67dc870a474c"
  integrity sha1-zt6xA1fIhTNhWSGudnpn3IcKR0w=

esbuild-linux-32@0.14.39:
  version "0.14.39"
  resolved "http://artifactory.hundsun.com:80/artifactory/api/npm/fa6-npm-virtual/esbuild-linux-32/-/esbuild-linux-32-0.14.39.tgz#d9f008c4322d771f3958f59c1eee5a05cdf92485"
  integrity sha1-2fAIxDItdx85WPWcHu5aBc35JIU=

esbuild-linux-64@0.14.39:
  version "0.14.39"
  resolved "http://artifactory.hundsun.com:80/artifactory/api/npm/fa6-npm-virtual/esbuild-linux-64/-/esbuild-linux-64-0.14.39.tgz#ba58d7f66858913aeb1ab5c6bde1bbd824731795"
  integrity sha1-uljX9mhYkTrrGrXGveG72CRzF5U=

esbuild-linux-arm64@0.14.39:
  version "0.14.39"
  resolved "http://artifactory.hundsun.com:80/artifactory/api/npm/fa6-npm-virtual/esbuild-linux-arm64/-/esbuild-linux-arm64-0.14.39.tgz#708785a30072702b5b1c16b65cf9c25c51202529"
  integrity sha1-cIeFowBycCtbHBa2XPnCXFEgJSk=

esbuild-linux-arm@0.14.39:
  version "0.14.39"
  resolved "http://artifactory.hundsun.com:80/artifactory/api/npm/fa6-npm-virtual/esbuild-linux-arm/-/esbuild-linux-arm-0.14.39.tgz#4e8b5deaa7ab60d0d28fab131244ef82b40684f4"
  integrity sha1-Totd6qerYNDSj6sTEkTvgrQGhPQ=

esbuild-linux-mips64le@0.14.39:
  version "0.14.39"
  resolved "http://artifactory.hundsun.com:80/artifactory/api/npm/fa6-npm-virtual/esbuild-linux-mips64le/-/esbuild-linux-mips64le-0.14.39.tgz#6f3bf3023f711084e5a1e8190487d2020f39f0f7"
  integrity sha1-bzvzAj9xEITloegZBIfSAg858Pc=

esbuild-linux-ppc64le@0.14.39:
  version "0.14.39"
  resolved "http://artifactory.hundsun.com:80/artifactory/api/npm/fa6-npm-virtual/esbuild-linux-ppc64le/-/esbuild-linux-ppc64le-0.14.39.tgz#900e718a4ea3f6aedde8424828eeefdd4b48d4b9"
  integrity sha1-kA5xik6j9q7d6EJIKO7v3UtI1Lk=

esbuild-linux-riscv64@0.14.39:
  version "0.14.39"
  resolved "http://artifactory.hundsun.com:80/artifactory/api/npm/fa6-npm-virtual/esbuild-linux-riscv64/-/esbuild-linux-riscv64-0.14.39.tgz#dcbff622fa37047a75d2ff7a1d8d2949d80277e4"
  integrity sha1-3L/2Ivo3BHp10v96HY0pSdgCd+Q=

esbuild-linux-s390x@0.14.39:
  version "0.14.39"
  resolved "http://artifactory.hundsun.com:80/artifactory/api/npm/fa6-npm-virtual/esbuild-linux-s390x/-/esbuild-linux-s390x-0.14.39.tgz#3f725a7945b419406c99d93744b28552561dcdfd"
  integrity sha1-P3JaeUW0GUBsmdk3RLKFUlYdzf0=

esbuild-netbsd-64@0.14.39:
  version "0.14.39"
  resolved "http://artifactory.hundsun.com:80/artifactory/api/npm/fa6-npm-virtual/esbuild-netbsd-64/-/esbuild-netbsd-64-0.14.39.tgz#e10e40b6a765798b90d4eb85901cc85c8b7ff85e"
  integrity sha1-4Q5AtqdleYuQ1OuFkBzIXIt/+F4=

esbuild-openbsd-64@0.14.39:
  version "0.14.39"
  resolved "http://artifactory.hundsun.com:80/artifactory/api/npm/fa6-npm-virtual/esbuild-openbsd-64/-/esbuild-openbsd-64-0.14.39.tgz#935ec143f75ce10bd9cdb1c87fee00287eb0edbc"
  integrity sha1-k17BQ/dc4QvZzbHIf+4AKH6w7bw=

esbuild-sunos-64@0.14.39:
  version "0.14.39"
  resolved "http://artifactory.hundsun.com:80/artifactory/api/npm/fa6-npm-virtual/esbuild-sunos-64/-/esbuild-sunos-64-0.14.39.tgz#0e7aa82b022a2e6d55b0646738b2582c2d72c3c0"
  integrity sha1-DnqoKwIqLm1VsGRnOLJYLC1yw8A=

esbuild-windows-32@0.14.39:
  version "0.14.39"
  resolved "http://artifactory.hundsun.com:80/artifactory/api/npm/fa6-npm-virtual/esbuild-windows-32/-/esbuild-windows-32-0.14.39.tgz#3f1538241f31b538545f4b5841b248cac260fa35"
  integrity sha1-PxU4JB8xtThUX0tYQbJIysJg+jU=

esbuild-windows-64@0.14.39:
  version "0.14.39"
  resolved "http://artifactory.hundsun.com:80/artifactory/api/npm/fa6-npm-virtual/esbuild-windows-64/-/esbuild-windows-64-0.14.39.tgz#b100c59f96d3c2da2e796e42fee4900d755d3e03"
  integrity sha1-sQDFn5bTwtoueW5C/uSQDXVdPgM=

esbuild-windows-arm64@0.14.39:
  version "0.14.39"
  resolved "http://artifactory.hundsun.com:80/artifactory/api/npm/fa6-npm-virtual/esbuild-windows-arm64/-/esbuild-windows-arm64-0.14.39.tgz#00268517e665b33c89778d61f144e4256b39f631"
  integrity sha1-ACaFF+ZlszyJd41h8UTkJWs59jE=

esbuild@^0.14.27:
  version "0.14.39"
  resolved "http://artifactory.hundsun.com:80/artifactory/api/npm/fa6-npm-virtual/esbuild/-/esbuild-0.14.39.tgz#c926b2259fe6f6d3a94f528fb42e103c5a6d909a"
  integrity sha1-ySayJZ/m9tOpT1KPtC4QPFptkJo=
  optionalDependencies:
    esbuild-android-64 "0.14.39"
    esbuild-android-arm64 "0.14.39"
    esbuild-darwin-64 "0.14.39"
    esbuild-darwin-arm64 "0.14.39"
    esbuild-freebsd-64 "0.14.39"
    esbuild-freebsd-arm64 "0.14.39"
    esbuild-linux-32 "0.14.39"
    esbuild-linux-64 "0.14.39"
    esbuild-linux-arm "0.14.39"
    esbuild-linux-arm64 "0.14.39"
    esbuild-linux-mips64le "0.14.39"
    esbuild-linux-ppc64le "0.14.39"
    esbuild-linux-riscv64 "0.14.39"
    esbuild-linux-s390x "0.14.39"
    esbuild-netbsd-64 "0.14.39"
    esbuild-openbsd-64 "0.14.39"
    esbuild-sunos-64 "0.14.39"
    esbuild-windows-32 "0.14.39"
    esbuild-windows-64 "0.14.39"
    esbuild-windows-arm64 "0.14.39"

escape-string-regexp@^4.0.0:
  version "4.0.0"
  resolved "http://artifactory.hundsun.com:80/artifactory/api/npm/fa6-npm-virtual/escape-string-regexp/-/escape-string-regexp-4.0.0.tgz#14ba83a5d373e3d311e5afca29cf5bfad965bf34"
  integrity sha1-FLqDpdNz49MR5a/KKc9b+tllvzQ=

estree-walker@^2.0.2:
  version "2.0.2"
  resolved "http://artifactory.hundsun.com:80/artifactory/api/npm/fa6-npm-virtual/estree-walker/-/estree-walker-2.0.2.tgz#52f010178c2a4c117a7757cfe942adb7d2da4cac"
  integrity sha1-UvAQF4wqTBF6d1fP6UKtt9LaTKw=

extract-zip@^1.0.3:
  version "1.7.0"
  resolved "http://artifactory.hundsun.com:80/artifactory/api/npm/fa6-npm-virtual/extract-zip/-/extract-zip-1.7.0.tgz#556cc3ae9df7f452c493a0cfb51cc30277940927"
  integrity sha1-VWzDrp339FLEk6DPtRzDAneUCSc=
  dependencies:
    concat-stream "^1.6.2"
    debug "^2.6.9"
    mkdirp "^0.5.4"
    yauzl "^2.10.0"

fd-slicer@~1.1.0:
  version "1.1.0"
  resolved "http://artifactory.hundsun.com:80/artifactory/api/npm/fa6-npm-virtual/fd-slicer/-/fd-slicer-1.1.0.tgz#25c7c89cb1f9077f8891bbe61d8f390eae256f1e"
  integrity sha1-JcfInLH5B3+IkbvmHY85Dq4lbx4=
  dependencies:
    pend "~1.2.0"

fs-extra@^8.1.0:
  version "8.1.0"
  resolved "http://artifactory.hundsun.com:80/artifactory/api/npm/fa6-npm-virtual/fs-extra/-/fs-extra-8.1.0.tgz#49d43c45a88cd9677668cb7be1b46efdb8d2e1c0"
  integrity sha1-SdQ8RaiM2Wd2aMt74bRu/bjS4cA=
  dependencies:
    graceful-fs "^4.2.0"
    jsonfile "^4.0.0"
    universalify "^0.1.0"

fsevents@~2.3.2:
  version "2.3.2"
  resolved "http://artifactory.hundsun.com:80/artifactory/api/npm/fa6-npm-virtual/fsevents/-/fsevents-2.3.2.tgz#8a526f78b8fdf4623b709e0b975c52c24c02fd1a"
  integrity sha1-ilJveLj99GI7cJ4Ll1xSwkwC/Ro=

function-bind@^1.1.1:
  version "1.1.1"
  resolved "http://artifactory.hundsun.com:80/artifactory/api/npm/fa6-npm-virtual/function-bind/-/function-bind-1.1.1.tgz#a56899d3ea3c9bab874bb9773b7c5ede92f4895d"
  integrity sha1-pWiZ0+o8m6uHS7l3O3xe3pL0iV0=

get-intrinsic@^1.1.1:
  version "1.1.1"
  resolved "http://artifactory.hundsun.com:80/artifactory/api/npm/fa6-npm-virtual/get-intrinsic/-/get-intrinsic-1.1.1.tgz#15f59f376f855c446963948f0d24cd3637b4abc6"
  integrity sha1-FfWfN2+FXERpY5SPDSTNNje0q8Y=
  dependencies:
    function-bind "^1.1.1"
    has "^1.0.3"
    has-symbols "^1.0.1"

get-stream@^4.1.0:
  version "4.1.0"
  resolved "http://artifactory.hundsun.com:80/artifactory/api/npm/fa6-npm-virtual/get-stream/-/get-stream-4.1.0.tgz#c1b255575f3dc21d59bfc79cd3d2b46b1c3a54b5"
  integrity sha1-wbJVV189wh1Zv8ec09K0axw6VLU=
  dependencies:
    pump "^3.0.0"

get-stream@^5.1.0:
  version "5.2.0"
  resolved "http://artifactory.hundsun.com:80/artifactory/api/npm/fa6-npm-virtual/get-stream/-/get-stream-5.2.0.tgz#4966a1795ee5ace65e706c4b7beb71257d6e22d3"
  integrity sha1-SWaheV7lrOZecGxLe+txJX1uItM=
  dependencies:
    pump "^3.0.0"

global-agent@^3.0.0:
  version "3.0.0"
  resolved "http://artifactory.hundsun.com:80/artifactory/api/npm/fa6-npm-virtual/global-agent/-/global-agent-3.0.0.tgz#ae7cd31bd3583b93c5a16437a1afe27cc33a1ab6"
  integrity sha1-rnzTG9NYO5PFoWQ3oa/ifMM6GrY=
  dependencies:
    boolean "^3.0.1"
    es6-error "^4.1.1"
    matcher "^3.0.0"
    roarr "^2.15.3"
    semver "^7.3.2"
    serialize-error "^7.0.1"

global-tunnel-ng@^2.7.1:
  version "2.7.1"
  resolved "http://artifactory.hundsun.com:80/artifactory/api/npm/fa6-npm-virtual/global-tunnel-ng/-/global-tunnel-ng-2.7.1.tgz#d03b5102dfde3a69914f5ee7d86761ca35d57d8f"
  integrity sha1-0DtRAt/eOmmRT17n2GdhyjXVfY8=
  dependencies:
    encodeurl "^1.0.2"
    lodash "^4.17.10"
    npm-conf "^1.1.3"
    tunnel "^0.0.6"

globalthis@^1.0.1:
  version "1.0.3"
  resolved "http://artifactory.hundsun.com:80/artifactory/api/npm/fa6-npm-virtual/globalthis/-/globalthis-1.0.3.tgz#5852882a52b80dc301b0660273e1ed082f0b6ccf"
  integrity sha1-WFKIKlK4DcMBsGYCc+HtCC8LbM8=
  dependencies:
    define-properties "^1.1.3"

got@^9.6.0:
  version "9.6.0"
  resolved "http://artifactory.hundsun.com:80/artifactory/api/npm/fa6-npm-virtual/got/-/got-9.6.0.tgz#edf45e7d67f99545705de1f7bbeeeb121765ed85"
  integrity sha1-7fRefWf5lUVwXeH3u+7rEhdl7YU=
  dependencies:
    "@sindresorhus/is" "^0.14.0"
    "@szmarczak/http-timer" "^1.1.2"
    cacheable-request "^6.0.0"
    decompress-response "^3.3.0"
    duplexer3 "^0.1.4"
    get-stream "^4.1.0"
    lowercase-keys "^1.0.1"
    mimic-response "^1.0.1"
    p-cancelable "^1.0.0"
    to-readable-stream "^1.0.0"
    url-parse-lax "^3.0.0"

graceful-fs@^4.1.6, graceful-fs@^4.2.0:
  version "4.2.10"
  resolved "http://artifactory.hundsun.com:80/artifactory/api/npm/fa6-npm-virtual/graceful-fs/-/graceful-fs-4.2.10.tgz#147d3a006da4ca3ce14728c7aefc287c367d7a6c"
  integrity sha1-FH06AG2kyjzhRyjHrvwofDZ9emw=

has-property-descriptors@^1.0.0:
  version "1.0.0"
  resolved "http://artifactory.hundsun.com:80/artifactory/api/npm/fa6-npm-virtual/has-property-descriptors/-/has-property-descriptors-1.0.0.tgz#610708600606d36961ed04c196193b6a607fa861"
  integrity sha1-YQcIYAYG02lh7QTBlhk7amB/qGE=
  dependencies:
    get-intrinsic "^1.1.1"

has-symbols@^1.0.1:
  version "1.0.3"
  resolved "http://artifactory.hundsun.com:80/artifactory/api/npm/fa6-npm-virtual/has-symbols/-/has-symbols-1.0.3.tgz#bb7b2c4349251dce87b125f7bdf874aa7c8b39f8"
  integrity sha1-u3ssQ0klHc6HsSX3vfh0qnyLOfg=

has@^1.0.3:
  version "1.0.3"
  resolved "http://artifactory.hundsun.com:80/artifactory/api/npm/fa6-npm-virtual/has/-/has-1.0.3.tgz#722d7cbfc1f6aa8241f16dd814e011e1f41e8796"
  integrity sha1-ci18v8H2qoJB8W3YFOAR4fQeh5Y=
  dependencies:
    function-bind "^1.1.1"

http-cache-semantics@^4.0.0:
  version "4.1.0"
  resolved "http://artifactory.hundsun.com:80/artifactory/api/npm/fa6-npm-virtual/http-cache-semantics/-/http-cache-semantics-4.1.0.tgz#49e91c5cbf36c9b94bcfcd71c23d5249ec74e390"
  integrity sha1-SekcXL82yblLz81xwj1SSex045A=

inherits@^2.0.3, inherits@~2.0.3:
  version "2.0.4"
  resolved "http://artifactory.hundsun.com:80/artifactory/api/npm/fa6-npm-virtual/inherits/-/inherits-2.0.4.tgz#0fa2c64f932917c3433a0ded55363aae37416b7c"
  integrity sha1-D6LGT5MpF8NDOg3tVTY6rjdBa3w=

ini@^1.3.4:
  version "1.3.8"
  resolved "http://artifactory.hundsun.com:80/artifactory/api/npm/fa6-npm-virtual/ini/-/ini-1.3.8.tgz#a29da425b48806f34767a4efce397269af28432c"
  integrity sha1-op2kJbSIBvNHZ6Tvzjlyaa8oQyw=

is-core-module@^2.8.1:
  version "2.9.0"
  resolved "http://artifactory.hundsun.com:80/artifactory/api/npm/fa6-npm-virtual/is-core-module/-/is-core-module-2.9.0.tgz#e1c34429cd51c6dd9e09e0799e396e27b19a9c69"
  integrity sha1-4cNEKc1Rxt2eCeB5njluJ7GanGk=
  dependencies:
    has "^1.0.3"

isarray@~1.0.0:
  version "1.0.0"
  resolved "http://artifactory.hundsun.com:80/artifactory/api/npm/fa6-npm-virtual/isarray/-/isarray-1.0.0.tgz#bb935d48582cba168c06834957a54a3e07124f11"
  integrity sha1-u5NdSFgsuhaMBoNJV6VKPgcSTxE=

json-buffer@3.0.0:
  version "3.0.0"
  resolved "http://artifactory.hundsun.com:80/artifactory/api/npm/fa6-npm-virtual/json-buffer/-/json-buffer-3.0.0.tgz#5b1f397afc75d677bde8bcfc0e47e1f9a3d9a898"
  integrity sha1-Wx85evx11ne96Lz8Dkfh+aPZqJg=

json-stringify-safe@^5.0.1:
  version "5.0.1"
  resolved "http://artifactory.hundsun.com:80/artifactory/api/npm/fa6-npm-virtual/json-stringify-safe/-/json-stringify-safe-5.0.1.tgz#1296a2d58fd45f19a0f6ce01d65701e2c735b6eb"
  integrity sha1-Epai1Y/UXxmg9s4B1lcB4sc1tus=

jsonfile@^4.0.0:
  version "4.0.0"
  resolved "http://artifactory.hundsun.com:80/artifactory/api/npm/fa6-npm-virtual/jsonfile/-/jsonfile-4.0.0.tgz#8771aae0799b64076b76640fca058f9c10e33ecb"
  integrity sha1-h3Gq4HmbZAdrdmQPygWPnBDjPss=
  optionalDependencies:
    graceful-fs "^4.1.6"

keyv@^3.0.0:
  version "3.1.0"
  resolved "http://artifactory.hundsun.com:80/artifactory/api/npm/fa6-npm-virtual/keyv/-/keyv-3.1.0.tgz#ecc228486f69991e49e9476485a5be1e8fc5c4d9"
  integrity sha1-7MIoSG9pmR5J6UdkhaW+Ho/FxNk=
  dependencies:
    json-buffer "3.0.0"

lodash@^4.17.10:
  version "4.17.21"
  resolved "http://artifactory.hundsun.com:80/artifactory/api/npm/fa6-npm-virtual/lodash/-/lodash-4.17.21.tgz#679591c564c3bffaae8454cf0b3df370c3d6911c"
  integrity sha1-Z5WRxWTDv/quhFTPCz3zcMPWkRw=

lowercase-keys@^1.0.0, lowercase-keys@^1.0.1:
  version "1.0.1"
  resolved "http://artifactory.hundsun.com:80/artifactory/api/npm/fa6-npm-virtual/lowercase-keys/-/lowercase-keys-1.0.1.tgz#6f9e30b47084d971a7c820ff15a6c5167b74c26f"
  integrity sha1-b54wtHCE2XGnyCD/FabFFnt0wm8=

lowercase-keys@^2.0.0:
  version "2.0.0"
  resolved "http://artifactory.hundsun.com:80/artifactory/api/npm/fa6-npm-virtual/lowercase-keys/-/lowercase-keys-2.0.0.tgz#2603e78b7b4b0006cbca2fbcc8a3202558ac9479"
  integrity sha1-JgPni3tLAAbLyi+8yKMgJVislHk=

lru-cache@^6.0.0:
  version "6.0.0"
  resolved "http://artifactory.hundsun.com:80/artifactory/api/npm/fa6-npm-virtual/lru-cache/-/lru-cache-6.0.0.tgz#6d6fe6570ebd96aaf90fcad1dafa3b2566db3a94"
  integrity sha1-bW/mVw69lqr5D8rR2vo7JWbbOpQ=
  dependencies:
    yallist "^4.0.0"

magic-string@^0.25.7:
  version "0.25.9"
  resolved "http://artifactory.hundsun.com:80/artifactory/api/npm/fa6-npm-virtual/magic-string/-/magic-string-0.25.9.tgz#de7f9faf91ef8a1c91d02c2e5314c8277dbcdd1c"
  integrity sha1-3n+fr5HvihyR0CwuUxTIJ3283Rw=
  dependencies:
    sourcemap-codec "^1.4.8"

matcher@^3.0.0:
  version "3.0.0"
  resolved "http://artifactory.hundsun.com:80/artifactory/api/npm/fa6-npm-virtual/matcher/-/matcher-3.0.0.tgz#bd9060f4c5b70aa8041ccc6f80368760994f30ca"
  integrity sha1-vZBg9MW3CqgEHMxvgDaHYJlPMMo=
  dependencies:
    escape-string-regexp "^4.0.0"

mimic-response@^1.0.0, mimic-response@^1.0.1:
  version "1.0.1"
  resolved "http://artifactory.hundsun.com:80/artifactory/api/npm/fa6-npm-virtual/mimic-response/-/mimic-response-1.0.1.tgz#4923538878eef42063cb8a3e3b0798781487ab1b"
  integrity sha1-SSNTiHju9CBjy4o+OweYeBSHqxs=

minimist@^1.2.6:
  version "1.2.6"
  resolved "http://artifactory.hundsun.com:80/artifactory/api/npm/fa6-npm-virtual/minimist/-/minimist-1.2.6.tgz#8637a5b759ea0d6e98702cfb3a9283323c93af44"
  integrity sha1-hjelt1nqDW6YcCz7OpKDMjyTr0Q=

mkdirp@^0.5.4:
  version "0.5.6"
  resolved "http://artifactory.hundsun.com:80/artifactory/api/npm/fa6-npm-virtual/mkdirp/-/mkdirp-0.5.6.tgz#7def03d2432dcae4ba1d611445c48396062255f6"
  integrity sha1-fe8D0kMtyuS6HWEURcSDlgYiVfY=
  dependencies:
    minimist "^1.2.6"

ms@2.0.0:
  version "2.0.0"
  resolved "http://artifactory.hundsun.com:80/artifactory/api/npm/fa6-npm-virtual/ms/-/ms-2.0.0.tgz#5608aeadfc00be6c2901df5f9861788de0d597c8"
  integrity sha1-VgiurfwAvmwpAd9fmGF4jeDVl8g=

ms@2.1.2:
  version "2.1.2"
  resolved "http://artifactory.hundsun.com:80/artifactory/api/npm/fa6-npm-virtual/ms/-/ms-2.1.2.tgz#d09d1f357b443f493382a8eb3ccd183872ae6009"
  integrity sha1-0J0fNXtEP0kzgqjrPM0YOHKuYAk=

nanoid@^3.3.3:
  version "3.3.4"
  resolved "http://artifactory.hundsun.com:80/artifactory/api/npm/fa6-npm-virtual/nanoid/-/nanoid-3.3.4.tgz#730b67e3cd09e2deacf03c027c81c9d9dbc5e8ab"
  integrity sha1-cwtn480J4t6s8DwCfIHJ2dvF6Ks=

normalize-url@^4.1.0:
  version "4.5.1"
  resolved "http://artifactory.hundsun.com:80/artifactory/api/npm/fa6-npm-virtual/normalize-url/-/normalize-url-4.5.1.tgz#0dd90cf1288ee1d1313b87081c9a5932ee48518a"
  integrity sha1-DdkM8SiO4dExO4cIHJpZMu5IUYo=

npm-conf@^1.1.3:
  version "1.1.3"
  resolved "http://artifactory.hundsun.com:80/artifactory/api/npm/fa6-npm-virtual/npm-conf/-/npm-conf-1.1.3.tgz#256cc47bd0e218c259c4e9550bf413bc2192aff9"
  integrity sha1-JWzEe9DiGMJZxOlVC/QTvCGSr/k=
  dependencies:
    config-chain "^1.1.11"
    pify "^3.0.0"

object-keys@^1.1.1:
  version "1.1.1"
  resolved "http://artifactory.hundsun.com:80/artifactory/api/npm/fa6-npm-virtual/object-keys/-/object-keys-1.1.1.tgz#1c47f272df277f3b1daf061677d9c82e2322c60e"
  integrity sha1-HEfyct8nfzsdrwYWd9nILiMixg4=

once@^1.3.1, once@^1.4.0:
  version "1.4.0"
  resolved "http://artifactory.hundsun.com:80/artifactory/api/npm/fa6-npm-virtual/once/-/once-1.4.0.tgz#583b1aa775961d4b113ac17d9c50baef9dd76bd1"
  integrity sha1-WDsap3WWHUsROsF9nFC6753Xa9E=
  dependencies:
    wrappy "1"

p-cancelable@^1.0.0:
  version "1.1.0"
  resolved "http://artifactory.hundsun.com:80/artifactory/api/npm/fa6-npm-virtual/p-cancelable/-/p-cancelable-1.1.0.tgz#d078d15a3af409220c886f1d9a0ca2e441ab26cc"
  integrity sha1-0HjRWjr0CSIMiG8dmgyi5EGrJsw=

path-parse@^1.0.7:
  version "1.0.7"
  resolved "http://artifactory.hundsun.com:80/artifactory/api/npm/fa6-npm-virtual/path-parse/-/path-parse-1.0.7.tgz#fbc114b60ca42b30d9daf5858e4bd68bbedb6735"
  integrity sha1-+8EUtgykKzDZ2vWFjkvWi77bZzU=

pend@~1.2.0:
  version "1.2.0"
  resolved "http://artifactory.hundsun.com:80/artifactory/api/npm/fa6-npm-virtual/pend/-/pend-1.2.0.tgz#7a57eb550a6783f9115331fcf4663d5c8e007a50"
  integrity sha1-elfrVQpng/kRUzH89GY9XI4AelA=

picocolors@^1.0.0:
  version "1.0.0"
  resolved "http://artifactory.hundsun.com:80/artifactory/api/npm/fa6-npm-virtual/picocolors/-/picocolors-1.0.0.tgz#cb5bdc74ff3f51892236eaf79d68bc44564ab81c"
  integrity sha1-y1vcdP8/UYkiNur3nWi8RFZKuBw=

pify@^3.0.0:
  version "3.0.0"
  resolved "http://artifactory.hundsun.com:80/artifactory/api/npm/fa6-npm-virtual/pify/-/pify-3.0.0.tgz#e5a4acd2c101fdf3d9a4d07f0dbc4db49dd28176"
  integrity sha1-5aSs0sEB/fPZpNB/DbxNtJ3SgXY=

postcss@^8.1.10, postcss@^8.4.13:
  version "8.4.13"
  resolved "http://artifactory.hundsun.com:80/artifactory/api/npm/fa6-npm-virtual/postcss/-/postcss-8.4.13.tgz#7c87bc268e79f7f86524235821dfdf9f73e5d575"
  integrity sha1-fIe8Jo559/hlJCNYId/fn3Pl1XU=
  dependencies:
    nanoid "^3.3.3"
    picocolors "^1.0.0"
    source-map-js "^1.0.2"

prepend-http@^2.0.0:
  version "2.0.0"
  resolved "http://artifactory.hundsun.com:80/artifactory/api/npm/fa6-npm-virtual/prepend-http/-/prepend-http-2.0.0.tgz#e92434bfa5ea8c19f41cdfd401d741a3c819d897"
  integrity sha1-6SQ0v6XqjBn0HN/UAddBo8gZ2Jc=

process-nextick-args@~2.0.0:
  version "2.0.1"
  resolved "http://artifactory.hundsun.com:80/artifactory/api/npm/fa6-npm-virtual/process-nextick-args/-/process-nextick-args-2.0.1.tgz#7820d9b16120cc55ca9ae7792680ae7dba6d7fe2"
  integrity sha1-eCDZsWEgzFXKmud5JoCufbptf+I=

progress@^2.0.3:
  version "2.0.3"
  resolved "http://artifactory.hundsun.com:80/artifactory/api/npm/fa6-npm-virtual/progress/-/progress-2.0.3.tgz#7e8cf8d8f5b8f239c1bc68beb4eb78567d572ef8"
  integrity sha1-foz42PW48jnBvGi+tOt4Vn1XLvg=

proto-list@~1.2.1:
  version "1.2.4"
  resolved "http://artifactory.hundsun.com:80/artifactory/api/npm/fa6-npm-virtual/proto-list/-/proto-list-1.2.4.tgz#212d5bfe1318306a420f6402b8e26ff39647a849"
  integrity sha1-IS1b/hMYMGpCD2QCuOJv85ZHqEk=

pump@^3.0.0:
  version "3.0.0"
  resolved "http://artifactory.hundsun.com:80/artifactory/api/npm/fa6-npm-virtual/pump/-/pump-3.0.0.tgz#b4a2116815bde2f4e1ea602354e8c75565107a64"
  integrity sha1-tKIRaBW94vTh6mAjVOjHVWUQemQ=
  dependencies:
    end-of-stream "^1.1.0"
    once "^1.3.1"

readable-stream@^2.2.2:
  version "2.3.7"
  resolved "http://artifactory.hundsun.com:80/artifactory/api/npm/fa6-npm-virtual/readable-stream/-/readable-stream-2.3.7.tgz#1eca1cf711aef814c04f62252a36a62f6cb23b57"
  integrity sha1-Hsoc9xGu+BTAT2IlKjamL2yyO1c=
  dependencies:
    core-util-is "~1.0.0"
    inherits "~2.0.3"
    isarray "~1.0.0"
    process-nextick-args "~2.0.0"
    safe-buffer "~5.1.1"
    string_decoder "~1.1.1"
    util-deprecate "~1.0.1"

resolve@^1.22.0:
  version "1.22.0"
  resolved "http://artifactory.hundsun.com:80/artifactory/api/npm/fa6-npm-virtual/resolve/-/resolve-1.22.0.tgz#5e0b8c67c15df57a89bdbabe603a002f21731198"
  integrity sha1-XguMZ8Fd9XqJvbq+YDoALyFzEZg=
  dependencies:
    is-core-module "^2.8.1"
    path-parse "^1.0.7"
    supports-preserve-symlinks-flag "^1.0.0"

responselike@^1.0.2:
  version "1.0.2"
  resolved "http://artifactory.hundsun.com:80/artifactory/api/npm/fa6-npm-virtual/responselike/-/responselike-1.0.2.tgz#918720ef3b631c5642be068f15ade5a46f4ba1e7"
  integrity sha1-kYcg7ztjHFZCvgaPFa3lpG9Loec=
  dependencies:
    lowercase-keys "^1.0.0"

roarr@^2.15.3:
  version "2.15.4"
  resolved "http://artifactory.hundsun.com:80/artifactory/api/npm/fa6-npm-virtual/roarr/-/roarr-2.15.4.tgz#f5fe795b7b838ccfe35dc608e0282b9eba2e7afd"
  integrity sha1-9f55W3uDjM/jXcYI4Cgrnrouev0=
  dependencies:
    boolean "^3.0.1"
    detect-node "^2.0.4"
    globalthis "^1.0.1"
    json-stringify-safe "^5.0.1"
    semver-compare "^1.0.0"
    sprintf-js "^1.1.2"

rollup@^2.59.0:
  version "2.73.0"
  resolved "http://artifactory.hundsun.com:80/artifactory/api/npm/fa6-npm-virtual/rollup/-/rollup-2.73.0.tgz#128fef4b333fd92d02d6929afbb6ee38d7feb32d"
  integrity sha1-Eo/vSzM/2S0C1pKa+7buONf+sy0=
  optionalDependencies:
    fsevents "~2.3.2"

safe-buffer@~5.1.0, safe-buffer@~5.1.1:
  version "5.1.2"
  resolved "http://artifactory.hundsun.com:80/artifactory/api/npm/fa6-npm-virtual/safe-buffer/-/safe-buffer-5.1.2.tgz#991ec69d296e0313747d59bdfd2b745c35f8828d"
  integrity sha1-mR7GnSluAxN0fVm9/St0XDX4go0=

semver-compare@^1.0.0:
  version "1.0.0"
  resolved "http://artifactory.hundsun.com:80/artifactory/api/npm/fa6-npm-virtual/semver-compare/-/semver-compare-1.0.0.tgz#0dee216a1c941ab37e9efb1788f6afc5ff5537fc"
  integrity sha1-De4hahyUGrN+nvsXiPavxf9VN/w=

semver@^6.2.0:
  version "6.3.0"
  resolved "http://artifactory.hundsun.com:80/artifactory/api/npm/fa6-npm-virtual/semver/-/semver-6.3.0.tgz#ee0a64c8af5e8ceea67687b133761e1becbd1d3d"
  integrity sha1-7gpkyK9ejO6mdoexM3YeG+y9HT0=

semver@^7.3.2:
  version "7.3.7"
  resolved "http://artifactory.hundsun.com:80/artifactory/api/npm/fa6-npm-virtual/semver/-/semver-7.3.7.tgz#12c5b649afdbf9049707796e22a4028814ce523f"
  integrity sha1-EsW2Sa/b+QSXB3luIqQCiBTOUj8=
  dependencies:
    lru-cache "^6.0.0"

serialize-error@^7.0.1:
  version "7.0.1"
  resolved "http://artifactory.hundsun.com:80/artifactory/api/npm/fa6-npm-virtual/serialize-error/-/serialize-error-7.0.1.tgz#f1360b0447f61ffb483ec4157c737fab7d778e18"
  integrity sha1-8TYLBEf2H/tIPsQVfHN/q313jhg=
  dependencies:
    type-fest "^0.13.1"

source-map-js@^1.0.2:
  version "1.0.2"
  resolved "http://artifactory.hundsun.com:80/artifactory/api/npm/fa6-npm-virtual/source-map-js/-/source-map-js-1.0.2.tgz#adbc361d9c62df380125e7f161f71c826f1e490c"
  integrity sha1-rbw2HZxi3zgBJefxYfccgm8eSQw=

source-map@^0.6.1:
  version "0.6.1"
  resolved "http://artifactory.hundsun.com:80/artifactory/api/npm/fa6-npm-virtual/source-map/-/source-map-0.6.1.tgz#74722af32e9614e9c287a8d0bbde48b5e2f1a263"
  integrity sha1-dHIq8y6WFOnCh6jQu95IteLxomM=

sourcemap-codec@^1.4.8:
  version "1.4.8"
  resolved "http://artifactory.hundsun.com:80/artifactory/api/npm/fa6-npm-virtual/sourcemap-codec/-/sourcemap-codec-1.4.8.tgz#ea804bd94857402e6992d05a38ef1ae35a9ab4c4"
  integrity sha1-6oBL2UhXQC5pktBaOO8a41qatMQ=

sprintf-js@^1.1.2:
  version "1.1.2"
  resolved "http://artifactory.hundsun.com:80/artifactory/api/npm/fa6-npm-virtual/sprintf-js/-/sprintf-js-1.1.2.tgz#da1765262bf8c0f571749f2ad6c26300207ae673"
  integrity sha1-2hdlJiv4wPVxdJ8q1sJjACB65nM=

string_decoder@~1.1.1:
  version "1.1.1"
  resolved "http://artifactory.hundsun.com:80/artifactory/api/npm/fa6-npm-virtual/string_decoder/-/string_decoder-1.1.1.tgz#9cf1611ba62685d7030ae9e4ba34149c3af03fc8"
  integrity sha1-nPFhG6YmhdcDCunkujQUnDrwP8g=
  dependencies:
    safe-buffer "~5.1.0"

sumchecker@^3.0.1:
  version "3.0.1"
  resolved "http://artifactory.hundsun.com:80/artifactory/api/npm/fa6-npm-virtual/sumchecker/-/sumchecker-3.0.1.tgz#6377e996795abb0b6d348e9b3e1dfb24345a8e42"
  integrity sha1-Y3fplnlauwttNI6bPh37JDRajkI=
  dependencies:
    debug "^4.1.0"

supports-preserve-symlinks-flag@^1.0.0:
  version "1.0.0"
  resolved "http://artifactory.hundsun.com:80/artifactory/api/npm/fa6-npm-virtual/supports-preserve-symlinks-flag/-/supports-preserve-symlinks-flag-1.0.0.tgz#6eda4bd344a3c94aea376d4cc31bc77311039e09"
  integrity sha1-btpL00SjyUrqN21MwxvHcxEDngk=

to-readable-stream@^1.0.0:
  version "1.0.0"
  resolved "http://artifactory.hundsun.com:80/artifactory/api/npm/fa6-npm-virtual/to-readable-stream/-/to-readable-stream-1.0.0.tgz#ce0aa0c2f3df6adf852efb404a783e77c0475771"
  integrity sha1-zgqgwvPfat+FLvtASng+d8BHV3E=

tunnel@^0.0.6:
  version "0.0.6"
  resolved "http://artifactory.hundsun.com:80/artifactory/api/npm/fa6-npm-virtual/tunnel/-/tunnel-0.0.6.tgz#72f1314b34a5b192db012324df2cc587ca47f92c"
  integrity sha1-cvExSzSlsZLbASMk3yzFh8pH+Sw=

type-fest@^0.13.1:
  version "0.13.1"
  resolved "http://artifactory.hundsun.com:80/artifactory/api/npm/fa6-npm-virtual/type-fest/-/type-fest-0.13.1.tgz#0172cb5bce80b0bd542ea348db50c7e21834d934"
  integrity sha1-AXLLW86AsL1ULqNI21DH4hg02TQ=

typedarray@^0.0.6:
  version "0.0.6"
  resolved "http://artifactory.hundsun.com:80/artifactory/api/npm/fa6-npm-virtual/typedarray/-/typedarray-0.0.6.tgz#867ac74e3864187b1d3d47d996a78ec5c8830777"
  integrity sha1-hnrHTjhkGHsdPUfZlqeOxciDB3c=

typescript@^4.5.4:
  version "4.6.4"
  resolved "http://artifactory.hundsun.com:80/artifactory/api/npm/fa6-npm-virtual/typescript/-/typescript-4.6.4.tgz#caa78bbc3a59e6a5c510d35703f6a09877ce45e9"
  integrity sha1-yqeLvDpZ5qXFENNXA/agmHfORek=

universalify@^0.1.0:
  version "0.1.2"
  resolved "http://artifactory.hundsun.com:80/artifactory/api/npm/fa6-npm-virtual/universalify/-/universalify-0.1.2.tgz#b646f69be3942dabcecc9d6639c80dc105efaa66"
  integrity sha1-tkb2m+OULavOzJ1mOcgNwQXvqmY=

url-parse-lax@^3.0.0:
  version "3.0.0"
  resolved "http://artifactory.hundsun.com:80/artifactory/api/npm/fa6-npm-virtual/url-parse-lax/-/url-parse-lax-3.0.0.tgz#16b5cafc07dbe3676c1b1999177823d6503acb0c"
  integrity sha1-FrXK/Afb42dsGxmZF3gj1lA6yww=
  dependencies:
    prepend-http "^2.0.0"

util-deprecate@~1.0.1:
  version "1.0.2"
  resolved "http://artifactory.hundsun.com:80/artifactory/api/npm/fa6-npm-virtual/util-deprecate/-/util-deprecate-1.0.2.tgz#450d4dc9fa70de732762fbd2d4a28981419a0ccf"
  integrity sha1-RQ1Nyfpw3nMnYvvS1KKJgUGaDM8=

vite@^2.9.9:
  version "2.9.9"
  resolved "http://artifactory.hundsun.com:80/artifactory/api/npm/fa6-npm-virtual/vite/-/vite-2.9.9.tgz#8b558987db5e60fedec2f4b003b73164cb081c5e"
  integrity sha1-i1WJh9teYP7ewvSwA7cxZMsIHF4=
  dependencies:
    esbuild "^0.14.27"
    postcss "^8.4.13"
    resolve "^1.22.0"
    rollup "^2.59.0"
  optionalDependencies:
    fsevents "~2.3.2"

vue-tsc@^0.34.7:
  version "0.34.15"
  resolved "http://artifactory.hundsun.com:80/artifactory/api/npm/fa6-npm-virtual/vue-tsc/-/vue-tsc-0.34.15.tgz#fd34d7257860477b501c9e60fb5549f2733e91a8"
  integrity sha1-/TTXJXhgR3tQHJ5g+1VJ8nM+kag=
  dependencies:
    "@volar/vue-typescript" "0.34.15"

vue@^3.2.25:
  version "3.2.33"
  resolved "http://artifactory.hundsun.com:80/artifactory/api/npm/fa6-npm-virtual/vue/-/vue-3.2.33.tgz#7867eb16a3293a28c4d190a837bc447878bd64c2"
  integrity sha1-eGfrFqMpOijE0ZCoN7xEeHi9ZMI=
  dependencies:
    "@vue/compiler-dom" "3.2.33"
    "@vue/compiler-sfc" "3.2.33"
    "@vue/runtime-dom" "3.2.33"
    "@vue/server-renderer" "3.2.33"
    "@vue/shared" "3.2.33"

wrappy@1:
  version "1.0.2"
  resolved "http://artifactory.hundsun.com:80/artifactory/api/npm/fa6-npm-virtual/wrappy/-/wrappy-1.0.2.tgz#b5243d8f3ec1aa35f1364605bc0d1036e30ab69f"
  integrity sha1-tSQ9jz7BqjXxNkYFvA0QNuMKtp8=

yallist@^4.0.0:
  version "4.0.0"
  resolved "http://artifactory.hundsun.com:80/artifactory/api/npm/fa6-npm-virtual/yallist/-/yallist-4.0.0.tgz#9bb92790d9c0effec63be73519e11a35019a3a72"
  integrity sha1-m7knkNnA7/7GO+c1GeEaNQGaOnI=

yauzl@^2.10.0:
  version "2.10.0"
  resolved "http://artifactory.hundsun.com:80/artifactory/api/npm/fa6-npm-virtual/yauzl/-/yauzl-2.10.0.tgz#c7eb17c93e112cb1086fa6d8e51fb0667b79a5f9"
  integrity sha1-x+sXyT4RLLEIb6bY5R+wZnt5pfk=
  dependencies:
    buffer-crc32 "~0.2.3"
    fd-slicer "~1.1.0"
